// !$*UTF8*$!
{
	archiveVersion = 1;
	classes = {
	};
	objectVersion = 52;
	objects = {

/* Begin PBXBuildFile section */
		D83BF412247251D4002F0C0C /* DebugViewController.swift in Sources */ = {isa = PBXBuildFile; fileRef = D83BF411247251D4002F0C0C /* DebugViewController.swift */; };
		D8515E7924650E1B007ACD50 /* ProjectListCell.swift in Sources */ = {isa = PBXBuildFile; fileRef = D8515E7824650E1B007ACD50 /* ProjectListCell.swift */; };
		D8515E7D246523CB007ACD50 /* GRDBCombine in Frameworks */ = {isa = PBXBuildFile; productRef = D8515E7C246523CB007ACD50 /* GRDBCombine */; };
		D8515E81246A4A80007ACD50 /* TimeRecordController.swift in Sources */ = {isa = PBXBuildFile; fileRef = D8515E80246A4A80007ACD50 /* TimeRecordController.swift */; };
		D858AFF4246A5EAB00F7EC48 /* RunningTimerCell.swift in Sources */ = {isa = PBXBuildFile; fileRef = D858AFF3246A5EAB00F7EC48 /* RunningTimerCell.swift */; };
		D8601A42247B1EA4005C97B9 /* EditProjectView.swift in Sources */ = {isa = PBXBuildFile; fileRef = D8601A41247B1EA4005C97B9 /* EditProjectView.swift */; };
		D8601A80247E47F8005C97B9 /* TimeTractorViewModel.swift in Sources */ = {isa = PBXBuildFile; fileRef = D8601A7F247E47F8005C97B9 /* TimeTractorViewModel.swift */; };
		D8601A83247E4CE7005C97B9 /* ContentView.swift in Sources */ = {isa = PBXBuildFile; fileRef = D8601A82247E4CE7005C97B9 /* ContentView.swift */; };
		D861773D246A933100A4C9D4 /* TimeRecordInfo.swift in Sources */ = {isa = PBXBuildFile; fileRef = D861773C246A933100A4C9D4 /* TimeRecordInfo.swift */; };
		D8617740246BC90200A4C9D4 /* RunningTimer.swift in Sources */ = {isa = PBXBuildFile; fileRef = D861773F246BC90200A4C9D4 /* RunningTimer.swift */; };
		D8617742246BCB0B00A4C9D4 /* RunningTimerInfo.swift in Sources */ = {isa = PBXBuildFile; fileRef = D8617741246BCB0B00A4C9D4 /* RunningTimerInfo.swift */; };
		D8617745246E186F00A4C9D4 /* SectionBackgroundDecorationView.swift in Sources */ = {isa = PBXBuildFile; fileRef = D8617744246E186F00A4C9D4 /* SectionBackgroundDecorationView.swift */; };
		D8617747246E2FFB00A4C9D4 /* Extensions.swift in Sources */ = {isa = PBXBuildFile; fileRef = D8617746246E2FFB00A4C9D4 /* Extensions.swift */; };
		D862D9112463AE050031E3AB /* GRDB in Frameworks */ = {isa = PBXBuildFile; productRef = D862D9102463AE050031E3AB /* GRDB */; };
		D862D9132463AE740031E3AB /* AppDatabase.swift in Sources */ = {isa = PBXBuildFile; fileRef = D862D9122463AE740031E3AB /* AppDatabase.swift */; };
		D862D9152464EB100031E3AB /* Project.swift in Sources */ = {isa = PBXBuildFile; fileRef = D862D9142464EB100031E3AB /* Project.swift */; };
		D862D9182464F03D0031E3AB /* TimeRecord.swift in Sources */ = {isa = PBXBuildFile; fileRef = D862D9172464F03D0031E3AB /* TimeRecord.swift */; };
		D86B72CC2483B92200B03CB9 /* WideContentView.swift in Sources */ = {isa = PBXBuildFile; fileRef = D86B72CB2483B92200B03CB9 /* WideContentView.swift */; };
		D884EE522470B40200A77599 /* TitleSupplementaryView.swift in Sources */ = {isa = PBXBuildFile; fileRef = D884EE512470B40200A77599 /* TitleSupplementaryView.swift */; };
		D884EE542471F0E700A77599 /* ProjectViewModel.swift in Sources */ = {isa = PBXBuildFile; fileRef = D884EE532471F0E700A77599 /* ProjectViewModel.swift */; };
		D884EE5624720D1200A77599 /* RunningTimerViewModel.swift in Sources */ = {isa = PBXBuildFile; fileRef = D884EE5524720D1200A77599 /* RunningTimerViewModel.swift */; };
		D886E9C22458D4DB005F2571 /* AppDelegate.swift in Sources */ = {isa = PBXBuildFile; fileRef = D886E9C12458D4DB005F2571 /* AppDelegate.swift */; };
		D886E9C42458D4DB005F2571 /* SceneDelegate.swift in Sources */ = {isa = PBXBuildFile; fileRef = D886E9C32458D4DB005F2571 /* SceneDelegate.swift */; };
		D886E9C62458D4DB005F2571 /* ViewController.swift in Sources */ = {isa = PBXBuildFile; fileRef = D886E9C52458D4DB005F2571 /* ViewController.swift */; };
		D886E9CB2458D4E0005F2571 /* Assets.xcassets in Resources */ = {isa = PBXBuildFile; fileRef = D886E9CA2458D4E0005F2571 /* Assets.xcassets */; };
		D886E9CE2458D4E0005F2571 /* LaunchScreen.storyboard in Resources */ = {isa = PBXBuildFile; fileRef = D886E9CC2458D4E0005F2571 /* LaunchScreen.storyboard */; };
		D886E9D92458D4E0005F2571 /* TimeTractorTests.swift in Sources */ = {isa = PBXBuildFile; fileRef = D886E9D82458D4E0005F2571 /* TimeTractorTests.swift */; };
		D886E9E42458D4E0005F2571 /* TimeTractorUITests.swift in Sources */ = {isa = PBXBuildFile; fileRef = D886E9E32458D4E0005F2571 /* TimeTractorUITests.swift */; };
		D8DE8832247733C400F53A32 /* Sequence+RPUtilities.swift in Sources */ = {isa = PBXBuildFile; fileRef = D8DE882F247733C400F53A32 /* Sequence+RPUtilities.swift */; };
		D8DE8833247733C400F53A32 /* Sequence+RPUtilities.swift in Sources */ = {isa = PBXBuildFile; fileRef = D8DE882F247733C400F53A32 /* Sequence+RPUtilities.swift */; };
		D8DE8834247733C400F53A32 /* Sequence+RPUtilities.swift in Sources */ = {isa = PBXBuildFile; fileRef = D8DE882F247733C400F53A32 /* Sequence+RPUtilities.swift */; };
		D8DE8835247733C400F53A32 /* TimeInterval+RPUtilities.swift in Sources */ = {isa = PBXBuildFile; fileRef = D8DE8830247733C400F53A32 /* TimeInterval+RPUtilities.swift */; };
		D8DE8836247733C400F53A32 /* TimeInterval+RPUtilities.swift in Sources */ = {isa = PBXBuildFile; fileRef = D8DE8830247733C400F53A32 /* TimeInterval+RPUtilities.swift */; };
		D8DE8837247733C400F53A32 /* TimeInterval+RPUtilities.swift in Sources */ = {isa = PBXBuildFile; fileRef = D8DE8830247733C400F53A32 /* TimeInterval+RPUtilities.swift */; };
		D8DE8838247733C400F53A32 /* Int+RPUtilities.swift in Sources */ = {isa = PBXBuildFile; fileRef = D8DE8831247733C400F53A32 /* Int+RPUtilities.swift */; };
		D8DE8839247733C400F53A32 /* Int+RPUtilities.swift in Sources */ = {isa = PBXBuildFile; fileRef = D8DE8831247733C400F53A32 /* Int+RPUtilities.swift */; };
		D8DE883A247733C400F53A32 /* Int+RPUtilities.swift in Sources */ = {isa = PBXBuildFile; fileRef = D8DE8831247733C400F53A32 /* Int+RPUtilities.swift */; };
		D8DE883D247736F900F53A32 /* Appearance.swift in Sources */ = {isa = PBXBuildFile; fileRef = D8DE883C247736F900F53A32 /* Appearance.swift */; };
		D8DE883E247736F900F53A32 /* Appearance.swift in Sources */ = {isa = PBXBuildFile; fileRef = D8DE883C247736F900F53A32 /* Appearance.swift */; };
		D8DE883F247736F900F53A32 /* Appearance.swift in Sources */ = {isa = PBXBuildFile; fileRef = D8DE883C247736F900F53A32 /* Appearance.swift */; };
		D8F382D2247A5C3E003D69D2 /* CreateProjectView.swift in Sources */ = {isa = PBXBuildFile; fileRef = D8F382D1247A5C3E003D69D2 /* CreateProjectView.swift */; };
/* End PBXBuildFile section */

/* Begin PBXContainerItemProxy section */
		D886E9D52458D4E0005F2571 /* PBXContainerItemProxy */ = {
			isa = PBXContainerItemProxy;
			containerPortal = D886E9B62458D4DB005F2571 /* Project object */;
			proxyType = 1;
			remoteGlobalIDString = D886E9BD2458D4DB005F2571;
			remoteInfo = TimeTractor;
		};
		D886E9E02458D4E0005F2571 /* PBXContainerItemProxy */ = {
			isa = PBXContainerItemProxy;
			containerPortal = D886E9B62458D4DB005F2571 /* Project object */;
			proxyType = 1;
			remoteGlobalIDString = D886E9BD2458D4DB005F2571;
			remoteInfo = TimeTractor;
		};
/* End PBXContainerItemProxy section */

/* Begin PBXFileReference section */
		D83BF411247251D4002F0C0C /* DebugViewController.swift */ = {isa = PBXFileReference; lastKnownFileType = sourcecode.swift; path = DebugViewController.swift; sourceTree = "<group>"; };
		D8515E7824650E1B007ACD50 /* ProjectListCell.swift */ = {isa = PBXFileReference; lastKnownFileType = sourcecode.swift; path = ProjectListCell.swift; sourceTree = "<group>"; };
		D8515E80246A4A80007ACD50 /* TimeRecordController.swift */ = {isa = PBXFileReference; lastKnownFileType = sourcecode.swift; path = TimeRecordController.swift; sourceTree = "<group>"; };
		D858AFF3246A5EAB00F7EC48 /* RunningTimerCell.swift */ = {isa = PBXFileReference; lastKnownFileType = sourcecode.swift; path = RunningTimerCell.swift; sourceTree = "<group>"; };
		D8601A41247B1EA4005C97B9 /* EditProjectView.swift */ = {isa = PBXFileReference; lastKnownFileType = sourcecode.swift; path = EditProjectView.swift; sourceTree = "<group>"; };
		D8601A7F247E47F8005C97B9 /* TimeTractorViewModel.swift */ = {isa = PBXFileReference; lastKnownFileType = sourcecode.swift; name = TimeTractorViewModel.swift; path = ../TimeTractorViewModel.swift; sourceTree = "<group>"; };
		D8601A82247E4CE7005C97B9 /* ContentView.swift */ = {isa = PBXFileReference; lastKnownFileType = sourcecode.swift; path = ContentView.swift; sourceTree = "<group>"; };
		D861773C246A933100A4C9D4 /* TimeRecordInfo.swift */ = {isa = PBXFileReference; lastKnownFileType = sourcecode.swift; path = TimeRecordInfo.swift; sourceTree = "<group>"; };
		D861773F246BC90200A4C9D4 /* RunningTimer.swift */ = {isa = PBXFileReference; lastKnownFileType = sourcecode.swift; path = RunningTimer.swift; sourceTree = "<group>"; };
		D8617741246BCB0B00A4C9D4 /* RunningTimerInfo.swift */ = {isa = PBXFileReference; lastKnownFileType = sourcecode.swift; path = RunningTimerInfo.swift; sourceTree = "<group>"; };
		D8617743246BD11700A4C9D4 /* TimeTractor.entitlements */ = {isa = PBXFileReference; lastKnownFileType = text.plist.entitlements; path = TimeTractor.entitlements; sourceTree = "<group>"; };
		D8617744246E186F00A4C9D4 /* SectionBackgroundDecorationView.swift */ = {isa = PBXFileReference; lastKnownFileType = sourcecode.swift; path = SectionBackgroundDecorationView.swift; sourceTree = "<group>"; };
		D8617746246E2FFB00A4C9D4 /* Extensions.swift */ = {isa = PBXFileReference; lastKnownFileType = sourcecode.swift; path = Extensions.swift; sourceTree = "<group>"; };
		D862D9122463AE740031E3AB /* AppDatabase.swift */ = {isa = PBXFileReference; lastKnownFileType = sourcecode.swift; path = AppDatabase.swift; sourceTree = "<group>"; };
		D862D9142464EB100031E3AB /* Project.swift */ = {isa = PBXFileReference; lastKnownFileType = sourcecode.swift; path = Project.swift; sourceTree = "<group>"; };
		D862D9172464F03D0031E3AB /* TimeRecord.swift */ = {isa = PBXFileReference; lastKnownFileType = sourcecode.swift; path = TimeRecord.swift; sourceTree = "<group>"; };
		D86B72CB2483B92200B03CB9 /* WideContentView.swift */ = {isa = PBXFileReference; lastKnownFileType = sourcecode.swift; path = WideContentView.swift; sourceTree = "<group>"; };
		D884EE512470B40200A77599 /* TitleSupplementaryView.swift */ = {isa = PBXFileReference; lastKnownFileType = sourcecode.swift; path = TitleSupplementaryView.swift; sourceTree = "<group>"; };
		D884EE532471F0E700A77599 /* ProjectViewModel.swift */ = {isa = PBXFileReference; lastKnownFileType = sourcecode.swift; path = ProjectViewModel.swift; sourceTree = "<group>"; };
		D884EE5524720D1200A77599 /* RunningTimerViewModel.swift */ = {isa = PBXFileReference; lastKnownFileType = sourcecode.swift; path = RunningTimerViewModel.swift; sourceTree = "<group>"; };
		D886E9BE2458D4DB005F2571 /* TimeTractor.app */ = {isa = PBXFileReference; explicitFileType = wrapper.application; includeInIndex = 0; path = TimeTractor.app; sourceTree = BUILT_PRODUCTS_DIR; };
		D886E9C12458D4DB005F2571 /* AppDelegate.swift */ = {isa = PBXFileReference; lastKnownFileType = sourcecode.swift; path = AppDelegate.swift; sourceTree = "<group>"; };
		D886E9C32458D4DB005F2571 /* SceneDelegate.swift */ = {isa = PBXFileReference; lastKnownFileType = sourcecode.swift; path = SceneDelegate.swift; sourceTree = "<group>"; };
		D886E9C52458D4DB005F2571 /* ViewController.swift */ = {isa = PBXFileReference; lastKnownFileType = sourcecode.swift; path = ViewController.swift; sourceTree = "<group>"; };
		D886E9CA2458D4E0005F2571 /* Assets.xcassets */ = {isa = PBXFileReference; lastKnownFileType = folder.assetcatalog; path = Assets.xcassets; sourceTree = "<group>"; };
		D886E9CD2458D4E0005F2571 /* Base */ = {isa = PBXFileReference; lastKnownFileType = file.storyboard; name = Base; path = Base.lproj/LaunchScreen.storyboard; sourceTree = "<group>"; };
		D886E9CF2458D4E0005F2571 /* Info.plist */ = {isa = PBXFileReference; lastKnownFileType = text.plist.xml; path = Info.plist; sourceTree = "<group>"; };
		D886E9D42458D4E0005F2571 /* TimeTractorTests.xctest */ = {isa = PBXFileReference; explicitFileType = wrapper.cfbundle; includeInIndex = 0; path = TimeTractorTests.xctest; sourceTree = BUILT_PRODUCTS_DIR; };
		D886E9D82458D4E0005F2571 /* TimeTractorTests.swift */ = {isa = PBXFileReference; lastKnownFileType = sourcecode.swift; path = TimeTractorTests.swift; sourceTree = "<group>"; };
		D886E9DA2458D4E0005F2571 /* Info.plist */ = {isa = PBXFileReference; lastKnownFileType = text.plist.xml; path = Info.plist; sourceTree = "<group>"; };
		D886E9DF2458D4E0005F2571 /* TimeTractorUITests.xctest */ = {isa = PBXFileReference; explicitFileType = wrapper.cfbundle; includeInIndex = 0; path = TimeTractorUITests.xctest; sourceTree = BUILT_PRODUCTS_DIR; };
		D886E9E32458D4E0005F2571 /* TimeTractorUITests.swift */ = {isa = PBXFileReference; lastKnownFileType = sourcecode.swift; path = TimeTractorUITests.swift; sourceTree = "<group>"; };
		D886E9E52458D4E0005F2571 /* Info.plist */ = {isa = PBXFileReference; lastKnownFileType = text.plist.xml; path = Info.plist; sourceTree = "<group>"; };
		D8DE882F247733C400F53A32 /* Sequence+RPUtilities.swift */ = {isa = PBXFileReference; fileEncoding = 4; lastKnownFileType = sourcecode.swift; path = "Sequence+RPUtilities.swift"; sourceTree = "<group>"; };
		D8DE8830247733C400F53A32 /* TimeInterval+RPUtilities.swift */ = {isa = PBXFileReference; fileEncoding = 4; lastKnownFileType = sourcecode.swift; path = "TimeInterval+RPUtilities.swift"; sourceTree = "<group>"; };
		D8DE8831247733C400F53A32 /* Int+RPUtilities.swift */ = {isa = PBXFileReference; fileEncoding = 4; lastKnownFileType = sourcecode.swift; path = "Int+RPUtilities.swift"; sourceTree = "<group>"; };
		D8DE883C247736F900F53A32 /* Appearance.swift */ = {isa = PBXFileReference; lastKnownFileType = sourcecode.swift; path = Appearance.swift; sourceTree = "<group>"; };
		D8F382D1247A5C3E003D69D2 /* CreateProjectView.swift */ = {isa = PBXFileReference; lastKnownFileType = sourcecode.swift; path = CreateProjectView.swift; sourceTree = "<group>"; };
/* End PBXFileReference section */

/* Begin PBXFrameworksBuildPhase section */
		D886E9BB2458D4DB005F2571 /* Frameworks */ = {
			isa = PBXFrameworksBuildPhase;
			buildActionMask = 2147483647;
			files = (
				D862D9112463AE050031E3AB /* GRDB in Frameworks */,
				D8515E7D246523CB007ACD50 /* GRDBCombine in Frameworks */,
			);
			runOnlyForDeploymentPostprocessing = 0;
		};
		D886E9D12458D4E0005F2571 /* Frameworks */ = {
			isa = PBXFrameworksBuildPhase;
			buildActionMask = 2147483647;
			files = (
			);
			runOnlyForDeploymentPostprocessing = 0;
		};
		D886E9DC2458D4E0005F2571 /* Frameworks */ = {
			isa = PBXFrameworksBuildPhase;
			buildActionMask = 2147483647;
			files = (
			);
			runOnlyForDeploymentPostprocessing = 0;
		};
/* End PBXFrameworksBuildPhase section */

/* Begin PBXGroup section */
		D8601A81247E481F005C97B9 /* ORM */ = {
			isa = PBXGroup;
			children = (
				D862D9142464EB100031E3AB /* Project.swift */,
				D861773F246BC90200A4C9D4 /* RunningTimer.swift */,
				D862D9172464F03D0031E3AB /* TimeRecord.swift */,
			);
			path = ORM;
			sourceTree = "<group>";
		};
		D861773E246BC8E800A4C9D4 /* CompositeModels */ = {
			isa = PBXGroup;
			children = (
				D861773C246A933100A4C9D4 /* TimeRecordInfo.swift */,
				D8617741246BCB0B00A4C9D4 /* RunningTimerInfo.swift */,
			);
			path = CompositeModels;
			sourceTree = "<group>";
		};
		D862D9162464F0320031E3AB /* Model */ = {
			isa = PBXGroup;
			children = (
				D8601A81247E481F005C97B9 /* ORM */,
				D884EE57247211BE00A77599 /* ViewModels */,
				D861773E246BC8E800A4C9D4 /* CompositeModels */,
				D8515E80246A4A80007ACD50 /* TimeRecordController.swift */,
				D862D9122463AE740031E3AB /* AppDatabase.swift */,
			);
			path = Model;
			sourceTree = "<group>";
		};
		D884EE57247211BE00A77599 /* ViewModels */ = {
			isa = PBXGroup;
			children = (
				D884EE532471F0E700A77599 /* ProjectViewModel.swift */,
				D884EE5524720D1200A77599 /* RunningTimerViewModel.swift */,
				D8601A7F247E47F8005C97B9 /* TimeTractorViewModel.swift */,
			);
			path = ViewModels;
			sourceTree = "<group>";
		};
		D886E9B52458D4DB005F2571 = {
			isa = PBXGroup;
			children = (
				D886E9C02458D4DB005F2571 /* TimeTractor */,
				D886E9D72458D4E0005F2571 /* TimeTractorTests */,
				D886E9E22458D4E0005F2571 /* TimeTractorUITests */,
				D8DE882E247733C400F53A32 /* RPUtilities */,
				D886E9BF2458D4DB005F2571 /* Products */,
			);
			sourceTree = "<group>";
		};
		D886E9BF2458D4DB005F2571 /* Products */ = {
			isa = PBXGroup;
			children = (
				D886E9BE2458D4DB005F2571 /* TimeTractor.app */,
				D886E9D42458D4E0005F2571 /* TimeTractorTests.xctest */,
				D886E9DF2458D4E0005F2571 /* TimeTractorUITests.xctest */,
			);
			name = Products;
			sourceTree = "<group>";
		};
		D886E9C02458D4DB005F2571 /* TimeTractor */ = {
			isa = PBXGroup;
			children = (
				D8617743246BD11700A4C9D4 /* TimeTractor.entitlements */,
				D8C98EA8246A6A9A0097FA48 /* Components */,
				D862D9162464F0320031E3AB /* Model */,
				D886E9C12458D4DB005F2571 /* AppDelegate.swift */,
				D886E9C32458D4DB005F2571 /* SceneDelegate.swift */,
				D8601A82247E4CE7005C97B9 /* ContentView.swift */,
				D86B72CB2483B92200B03CB9 /* WideContentView.swift */,
				D886E9C52458D4DB005F2571 /* ViewController.swift */,
				D886E9CA2458D4E0005F2571 /* Assets.xcassets */,
				D886E9CC2458D4E0005F2571 /* LaunchScreen.storyboard */,
				D886E9CF2458D4E0005F2571 /* Info.plist */,
				D8617746246E2FFB00A4C9D4 /* Extensions.swift */,
			);
			path = TimeTractor;
			sourceTree = "<group>";
		};
		D886E9D72458D4E0005F2571 /* TimeTractorTests */ = {
			isa = PBXGroup;
			children = (
				D886E9D82458D4E0005F2571 /* TimeTractorTests.swift */,
				D886E9DA2458D4E0005F2571 /* Info.plist */,
			);
			path = TimeTractorTests;
			sourceTree = "<group>";
		};
		D886E9E22458D4E0005F2571 /* TimeTractorUITests */ = {
			isa = PBXGroup;
			children = (
				D886E9E32458D4E0005F2571 /* TimeTractorUITests.swift */,
				D886E9E52458D4E0005F2571 /* Info.plist */,
			);
			path = TimeTractorUITests;
			sourceTree = "<group>";
		};
		D8C98EA8246A6A9A0097FA48 /* Components */ = {
			isa = PBXGroup;
			children = (
				D8515E7824650E1B007ACD50 /* ProjectListCell.swift */,
				D858AFF3246A5EAB00F7EC48 /* RunningTimerCell.swift */,
				D8617744246E186F00A4C9D4 /* SectionBackgroundDecorationView.swift */,
				D884EE512470B40200A77599 /* TitleSupplementaryView.swift */,
				D83BF411247251D4002F0C0C /* DebugViewController.swift */,
				D8DE883C247736F900F53A32 /* Appearance.swift */,
				D8F382D1247A5C3E003D69D2 /* CreateProjectView.swift */,
				D8601A41247B1EA4005C97B9 /* EditProjectView.swift */,
			);
			path = Components;
			sourceTree = "<group>";
		};
		D8DE882E247733C400F53A32 /* RPUtilities */ = {
			isa = PBXGroup;
			children = (
				D8DE882F247733C400F53A32 /* Sequence+RPUtilities.swift */,
				D8DE8830247733C400F53A32 /* TimeInterval+RPUtilities.swift */,
				D8DE8831247733C400F53A32 /* Int+RPUtilities.swift */,
			);
			path = RPUtilities;
			sourceTree = "<group>";
		};
/* End PBXGroup section */

/* Begin PBXNativeTarget section */
		D886E9BD2458D4DB005F2571 /* TimeTractor */ = {
			isa = PBXNativeTarget;
			buildConfigurationList = D886E9E82458D4E0005F2571 /* Build configuration list for PBXNativeTarget "TimeTractor" */;
			buildPhases = (
				D84E9F5B2474A61D00C1C76D /* ShellScript */,
				D886E9BA2458D4DB005F2571 /* Sources */,
				D886E9BB2458D4DB005F2571 /* Frameworks */,
				D886E9BC2458D4DB005F2571 /* Resources */,
			);
			buildRules = (
			);
			dependencies = (
			);
			name = TimeTractor;
			packageProductDependencies = (
				D862D9102463AE050031E3AB /* GRDB */,
				D8515E7C246523CB007ACD50 /* GRDBCombine */,
			);
			productName = TimeTractor;
			productReference = D886E9BE2458D4DB005F2571 /* TimeTractor.app */;
			productType = "com.apple.product-type.application";
		};
		D886E9D32458D4E0005F2571 /* TimeTractorTests */ = {
			isa = PBXNativeTarget;
			buildConfigurationList = D886E9EB2458D4E0005F2571 /* Build configuration list for PBXNativeTarget "TimeTractorTests" */;
			buildPhases = (
				D886E9D02458D4E0005F2571 /* Sources */,
				D886E9D12458D4E0005F2571 /* Frameworks */,
				D886E9D22458D4E0005F2571 /* Resources */,
			);
			buildRules = (
			);
			dependencies = (
				D886E9D62458D4E0005F2571 /* PBXTargetDependency */,
			);
			name = TimeTractorTests;
			productName = TimeTractorTests;
			productReference = D886E9D42458D4E0005F2571 /* TimeTractorTests.xctest */;
			productType = "com.apple.product-type.bundle.unit-test";
		};
		D886E9DE2458D4E0005F2571 /* TimeTractorUITests */ = {
			isa = PBXNativeTarget;
			buildConfigurationList = D886E9EE2458D4E0005F2571 /* Build configuration list for PBXNativeTarget "TimeTractorUITests" */;
			buildPhases = (
				D886E9DB2458D4E0005F2571 /* Sources */,
				D886E9DC2458D4E0005F2571 /* Frameworks */,
				D886E9DD2458D4E0005F2571 /* Resources */,
			);
			buildRules = (
			);
			dependencies = (
				D886E9E12458D4E0005F2571 /* PBXTargetDependency */,
			);
			name = TimeTractorUITests;
			productName = TimeTractorUITests;
			productReference = D886E9DF2458D4E0005F2571 /* TimeTractorUITests.xctest */;
			productType = "com.apple.product-type.bundle.ui-testing";
		};
/* End PBXNativeTarget section */

/* Begin PBXProject section */
		D886E9B62458D4DB005F2571 /* Project object */ = {
			isa = PBXProject;
			attributes = {
				LastSwiftUpdateCheck = 1140;
				LastUpgradeCheck = 1140;
				ORGANIZATIONNAME = "Ryan Purpura";
				TargetAttributes = {
					D886E9BD2458D4DB005F2571 = {
						CreatedOnToolsVersion = 11.4.1;
					};
					D886E9D32458D4E0005F2571 = {
						CreatedOnToolsVersion = 11.4.1;
						TestTargetID = D886E9BD2458D4DB005F2571;
					};
					D886E9DE2458D4E0005F2571 = {
						CreatedOnToolsVersion = 11.4.1;
						TestTargetID = D886E9BD2458D4DB005F2571;
					};
				};
			};
			buildConfigurationList = D886E9B92458D4DB005F2571 /* Build configuration list for PBXProject "TimeTractor" */;
			compatibilityVersion = "Xcode 9.3";
			developmentRegion = en;
			hasScannedForEncodings = 0;
			knownRegions = (
				en,
				Base,
			);
			mainGroup = D886E9B52458D4DB005F2571;
			packageReferences = (
				D862D90F2463AE050031E3AB /* XCRemoteSwiftPackageReference "GRDB" */,
				D8515E7B246523CB007ACD50 /* XCRemoteSwiftPackageReference "GRDBCombine" */,
			);
			productRefGroup = D886E9BF2458D4DB005F2571 /* Products */;
			projectDirPath = "";
			projectRoot = "";
			targets = (
				D886E9BD2458D4DB005F2571 /* TimeTractor */,
				D886E9D32458D4E0005F2571 /* TimeTractorTests */,
				D886E9DE2458D4E0005F2571 /* TimeTractorUITests */,
			);
		};
/* End PBXProject section */

/* Begin PBXResourcesBuildPhase section */
		D886E9BC2458D4DB005F2571 /* Resources */ = {
			isa = PBXResourcesBuildPhase;
			buildActionMask = 2147483647;
			files = (
				D886E9CE2458D4E0005F2571 /* LaunchScreen.storyboard in Resources */,
				D886E9CB2458D4E0005F2571 /* Assets.xcassets in Resources */,
			);
			runOnlyForDeploymentPostprocessing = 0;
		};
		D886E9D22458D4E0005F2571 /* Resources */ = {
			isa = PBXResourcesBuildPhase;
			buildActionMask = 2147483647;
			files = (
			);
			runOnlyForDeploymentPostprocessing = 0;
		};
		D886E9DD2458D4E0005F2571 /* Resources */ = {
			isa = PBXResourcesBuildPhase;
			buildActionMask = 2147483647;
			files = (
			);
			runOnlyForDeploymentPostprocessing = 0;
		};
/* End PBXResourcesBuildPhase section */

/* Begin PBXShellScriptBuildPhase section */
		D84E9F5B2474A61D00C1C76D /* ShellScript */ = {
			isa = PBXShellScriptBuildPhase;
			buildActionMask = 8;
			files = (
			);
			inputFileListPaths = (
			);
			inputPaths = (
			);
			outputFileListPaths = (
			);
			outputPaths = (
			);
			runOnlyForDeploymentPostprocessing = 1;
			shellPath = /bin/sh;
			shellScript = "if which swift-format >/dev/null; then\n    swift-format -m format -i -r ${PROJECT_DIR}\nelse\n    echo \"warning: swift-format not installed\"\nfi\n";
		};
/* End PBXShellScriptBuildPhase section */

/* Begin PBXSourcesBuildPhase section */
		D886E9BA2458D4DB005F2571 /* Sources */ = {
			isa = PBXSourcesBuildPhase;
			buildActionMask = 2147483647;
			files = (
				D8F382D2247A5C3E003D69D2 /* CreateProjectView.swift in Sources */,
				D83BF412247251D4002F0C0C /* DebugViewController.swift in Sources */,
				D886E9C62458D4DB005F2571 /* ViewController.swift in Sources */,
				D8DE8832247733C400F53A32 /* Sequence+RPUtilities.swift in Sources */,
				D8601A80247E47F8005C97B9 /* TimeTractorViewModel.swift in Sources */,
				D8515E7924650E1B007ACD50 /* ProjectListCell.swift in Sources */,
				D858AFF4246A5EAB00F7EC48 /* RunningTimerCell.swift in Sources */,
				D862D9182464F03D0031E3AB /* TimeRecord.swift in Sources */,
				D884EE542471F0E700A77599 /* ProjectViewModel.swift in Sources */,
				D8601A42247B1EA4005C97B9 /* EditProjectView.swift in Sources */,
				D8601A83247E4CE7005C97B9 /* ContentView.swift in Sources */,
				D8617745246E186F00A4C9D4 /* SectionBackgroundDecorationView.swift in Sources */,
				D8617740246BC90200A4C9D4 /* RunningTimer.swift in Sources */,
				D86B72CC2483B92200B03CB9 /* WideContentView.swift in Sources */,
				D862D9152464EB100031E3AB /* Project.swift in Sources */,
				D884EE5624720D1200A77599 /* RunningTimerViewModel.swift in Sources */,
				D8DE8838247733C400F53A32 /* Int+RPUtilities.swift in Sources */,
				D861773D246A933100A4C9D4 /* TimeRecordInfo.swift in Sources */,
				D886E9C22458D4DB005F2571 /* AppDelegate.swift in Sources */,
				D884EE522470B40200A77599 /* TitleSupplementaryView.swift in Sources */,
				D862D9132463AE740031E3AB /* AppDatabase.swift in Sources */,
				D8DE883D247736F900F53A32 /* Appearance.swift in Sources */,
				D886E9C42458D4DB005F2571 /* SceneDelegate.swift in Sources */,
				D8515E81246A4A80007ACD50 /* TimeRecordController.swift in Sources */,
				D8617742246BCB0B00A4C9D4 /* RunningTimerInfo.swift in Sources */,
				D8DE8835247733C400F53A32 /* TimeInterval+RPUtilities.swift in Sources */,
				D8617747246E2FFB00A4C9D4 /* Extensions.swift in Sources */,
			);
			runOnlyForDeploymentPostprocessing = 0;
		};
		D886E9D02458D4E0005F2571 /* Sources */ = {
			isa = PBXSourcesBuildPhase;
			buildActionMask = 2147483647;
			files = (
				D8DE8839247733C400F53A32 /* Int+RPUtilities.swift in Sources */,
				D886E9D92458D4E0005F2571 /* TimeTractorTests.swift in Sources */,
				D8DE8836247733C400F53A32 /* TimeInterval+RPUtilities.swift in Sources */,
				D8DE8833247733C400F53A32 /* Sequence+RPUtilities.swift in Sources */,
				D8DE883E247736F900F53A32 /* Appearance.swift in Sources */,
			);
			runOnlyForDeploymentPostprocessing = 0;
		};
		D886E9DB2458D4E0005F2571 /* Sources */ = {
			isa = PBXSourcesBuildPhase;
			buildActionMask = 2147483647;
			files = (
				D8DE883A247733C400F53A32 /* Int+RPUtilities.swift in Sources */,
				D886E9E42458D4E0005F2571 /* TimeTractorUITests.swift in Sources */,
				D8DE8837247733C400F53A32 /* TimeInterval+RPUtilities.swift in Sources */,
				D8DE8834247733C400F53A32 /* Sequence+RPUtilities.swift in Sources */,
				D8DE883F247736F900F53A32 /* Appearance.swift in Sources */,
			);
			runOnlyForDeploymentPostprocessing = 0;
		};
/* End PBXSourcesBuildPhase section */

/* Begin PBXTargetDependency section */
		D886E9D62458D4E0005F2571 /* PBXTargetDependency */ = {
			isa = PBXTargetDependency;
			target = D886E9BD2458D4DB005F2571 /* TimeTractor */;
			targetProxy = D886E9D52458D4E0005F2571 /* PBXContainerItemProxy */;
		};
		D886E9E12458D4E0005F2571 /* PBXTargetDependency */ = {
			isa = PBXTargetDependency;
			target = D886E9BD2458D4DB005F2571 /* TimeTractor */;
			targetProxy = D886E9E02458D4E0005F2571 /* PBXContainerItemProxy */;
		};
/* End PBXTargetDependency section */

/* Begin PBXVariantGroup section */
		D886E9CC2458D4E0005F2571 /* LaunchScreen.storyboard */ = {
			isa = PBXVariantGroup;
			children = (
				D886E9CD2458D4E0005F2571 /* Base */,
			);
			name = LaunchScreen.storyboard;
			sourceTree = "<group>";
		};
/* End PBXVariantGroup section */

/* Begin XCBuildConfiguration section */
		D886E9E62458D4E0005F2571 /* Debug */ = {
			isa = XCBuildConfiguration;
			buildSettings = {
				ALWAYS_SEARCH_USER_PATHS = NO;
				CLANG_ANALYZER_NONNULL = YES;
				CLANG_ANALYZER_NUMBER_OBJECT_CONVERSION = YES_AGGRESSIVE;
				CLANG_CXX_LANGUAGE_STANDARD = "gnu++14";
				CLANG_CXX_LIBRARY = "libc++";
				CLANG_ENABLE_MODULES = YES;
				CLANG_ENABLE_OBJC_ARC = YES;
				CLANG_ENABLE_OBJC_WEAK = YES;
				CLANG_WARN_BLOCK_CAPTURE_AUTORELEASING = YES;
				CLANG_WARN_BOOL_CONVERSION = YES;
				CLANG_WARN_COMMA = YES;
				CLANG_WARN_CONSTANT_CONVERSION = YES;
				CLANG_WARN_DEPRECATED_OBJC_IMPLEMENTATIONS = YES;
				CLANG_WARN_DIRECT_OBJC_ISA_USAGE = YES_ERROR;
				CLANG_WARN_DOCUMENTATION_COMMENTS = YES;
				CLANG_WARN_EMPTY_BODY = YES;
				CLANG_WARN_ENUM_CONVERSION = YES;
				CLANG_WARN_INFINITE_RECURSION = YES;
				CLANG_WARN_INT_CONVERSION = YES;
				CLANG_WARN_NON_LITERAL_NULL_CONVERSION = YES;
				CLANG_WARN_OBJC_IMPLICIT_RETAIN_SELF = YES;
				CLANG_WARN_OBJC_LITERAL_CONVERSION = YES;
				CLANG_WARN_OBJC_ROOT_CLASS = YES_ERROR;
				CLANG_WARN_RANGE_LOOP_ANALYSIS = YES;
				CLANG_WARN_STRICT_PROTOTYPES = YES;
				CLANG_WARN_SUSPICIOUS_MOVE = YES;
				CLANG_WARN_UNGUARDED_AVAILABILITY = YES_AGGRESSIVE;
				CLANG_WARN_UNREACHABLE_CODE = YES;
				CLANG_WARN__DUPLICATE_METHOD_MATCH = YES;
				COPY_PHASE_STRIP = NO;
				DEBUG_INFORMATION_FORMAT = dwarf;
				ENABLE_STRICT_OBJC_MSGSEND = YES;
				ENABLE_TESTABILITY = YES;
				GCC_C_LANGUAGE_STANDARD = gnu11;
				GCC_DYNAMIC_NO_PIC = NO;
				GCC_NO_COMMON_BLOCKS = YES;
				GCC_OPTIMIZATION_LEVEL = 0;
				GCC_PREPROCESSOR_DEFINITIONS = (
					"DEBUG=1",
					"$(inherited)",
				);
				GCC_WARN_64_TO_32_BIT_CONVERSION = YES;
				GCC_WARN_ABOUT_RETURN_TYPE = YES_ERROR;
				GCC_WARN_UNDECLARED_SELECTOR = YES;
				GCC_WARN_UNINITIALIZED_AUTOS = YES_AGGRESSIVE;
				GCC_WARN_UNUSED_FUNCTION = YES;
				GCC_WARN_UNUSED_VARIABLE = YES;
				IPHONEOS_DEPLOYMENT_TARGET = 13.4;
				MTL_ENABLE_DEBUG_INFO = INCLUDE_SOURCE;
				MTL_FAST_MATH = YES;
				ONLY_ACTIVE_ARCH = YES;
				SDKROOT = iphoneos;
				SWIFT_ACTIVE_COMPILATION_CONDITIONS = DEBUG;
				SWIFT_OPTIMIZATION_LEVEL = "-Onone";
			};
			name = Debug;
		};
		D886E9E72458D4E0005F2571 /* Release */ = {
			isa = XCBuildConfiguration;
			buildSettings = {
				ALWAYS_SEARCH_USER_PATHS = NO;
				CLANG_ANALYZER_NONNULL = YES;
				CLANG_ANALYZER_NUMBER_OBJECT_CONVERSION = YES_AGGRESSIVE;
				CLANG_CXX_LANGUAGE_STANDARD = "gnu++14";
				CLANG_CXX_LIBRARY = "libc++";
				CLANG_ENABLE_MODULES = YES;
				CLANG_ENABLE_OBJC_ARC = YES;
				CLANG_ENABLE_OBJC_WEAK = YES;
				CLANG_WARN_BLOCK_CAPTURE_AUTORELEASING = YES;
				CLANG_WARN_BOOL_CONVERSION = YES;
				CLANG_WARN_COMMA = YES;
				CLANG_WARN_CONSTANT_CONVERSION = YES;
				CLANG_WARN_DEPRECATED_OBJC_IMPLEMENTATIONS = YES;
				CLANG_WARN_DIRECT_OBJC_ISA_USAGE = YES_ERROR;
				CLANG_WARN_DOCUMENTATION_COMMENTS = YES;
				CLANG_WARN_EMPTY_BODY = YES;
				CLANG_WARN_ENUM_CONVERSION = YES;
				CLANG_WARN_INFINITE_RECURSION = YES;
				CLANG_WARN_INT_CONVERSION = YES;
				CLANG_WARN_NON_LITERAL_NULL_CONVERSION = YES;
				CLANG_WARN_OBJC_IMPLICIT_RETAIN_SELF = YES;
				CLANG_WARN_OBJC_LITERAL_CONVERSION = YES;
				CLANG_WARN_OBJC_ROOT_CLASS = YES_ERROR;
				CLANG_WARN_RANGE_LOOP_ANALYSIS = YES;
				CLANG_WARN_STRICT_PROTOTYPES = YES;
				CLANG_WARN_SUSPICIOUS_MOVE = YES;
				CLANG_WARN_UNGUARDED_AVAILABILITY = YES_AGGRESSIVE;
				CLANG_WARN_UNREACHABLE_CODE = YES;
				CLANG_WARN__DUPLICATE_METHOD_MATCH = YES;
				COPY_PHASE_STRIP = NO;
				DEBUG_INFORMATION_FORMAT = "dwarf-with-dsym";
				ENABLE_NS_ASSERTIONS = NO;
				ENABLE_STRICT_OBJC_MSGSEND = YES;
				GCC_C_LANGUAGE_STANDARD = gnu11;
				GCC_NO_COMMON_BLOCKS = YES;
				GCC_WARN_64_TO_32_BIT_CONVERSION = YES;
				GCC_WARN_ABOUT_RETURN_TYPE = YES_ERROR;
				GCC_WARN_UNDECLARED_SELECTOR = YES;
				GCC_WARN_UNINITIALIZED_AUTOS = YES_AGGRESSIVE;
				GCC_WARN_UNUSED_FUNCTION = YES;
				GCC_WARN_UNUSED_VARIABLE = YES;
				IPHONEOS_DEPLOYMENT_TARGET = 13.4;
				MTL_ENABLE_DEBUG_INFO = NO;
				MTL_FAST_MATH = YES;
				SDKROOT = iphoneos;
				SWIFT_COMPILATION_MODE = wholemodule;
				SWIFT_OPTIMIZATION_LEVEL = "-O";
				VALIDATE_PRODUCT = YES;
			};
			name = Release;
		};
		D886E9E92458D4E0005F2571 /* Debug */ = {
			isa = XCBuildConfiguration;
			buildSettings = {
				ASSETCATALOG_COMPILER_APPICON_NAME = AppIcon;
				CODE_SIGN_ENTITLEMENTS = TimeTractor/TimeTractor.entitlements;
				CODE_SIGN_STYLE = Automatic;
				DEVELOPMENT_TEAM = 2A3N3385D2;
				INFOPLIST_FILE = TimeTractor/Info.plist;
				LD_RUNPATH_SEARCH_PATHS = (
					"$(inherited)",
					"@executable_path/Frameworks",
				);
				PRODUCT_BUNDLE_IDENTIFIER = com.rpurp.TimeTractor;
				PRODUCT_NAME = "$(TARGET_NAME)";
				SUPPORTS_MACCATALYST = YES;
				SWIFT_VERSION = 5.0;
				TARGETED_DEVICE_FAMILY = "1,2";
			};
			name = Debug;
		};
		D886E9EA2458D4E0005F2571 /* Release */ = {
			isa = XCBuildConfiguration;
			buildSettings = {
				ASSETCATALOG_COMPILER_APPICON_NAME = AppIcon;
				CODE_SIGN_ENTITLEMENTS = TimeTractor/TimeTractor.entitlements;
				CODE_SIGN_STYLE = Automatic;
				DEVELOPMENT_TEAM = 2A3N3385D2;
				INFOPLIST_FILE = TimeTractor/Info.plist;
				LD_RUNPATH_SEARCH_PATHS = (
					"$(inherited)",
					"@executable_path/Frameworks",
				);
				PRODUCT_BUNDLE_IDENTIFIER = com.rpurp.TimeTractor;
				PRODUCT_NAME = "$(TARGET_NAME)";
				SUPPORTS_MACCATALYST = YES;
				SWIFT_VERSION = 5.0;
				TARGETED_DEVICE_FAMILY = "1,2";
			};
			name = Release;
		};
		D886E9EC2458D4E0005F2571 /* Debug */ = {
			isa = XCBuildConfiguration;
			buildSettings = {
				ALWAYS_EMBED_SWIFT_STANDARD_LIBRARIES = YES;
				BUNDLE_LOADER = "$(TEST_HOST)";
				CODE_SIGN_STYLE = Automatic;
				DEVELOPMENT_TEAM = 2A3N3385D2;
				INFOPLIST_FILE = TimeTractorTests/Info.plist;
				IPHONEOS_DEPLOYMENT_TARGET = 13.4;
				LD_RUNPATH_SEARCH_PATHS = (
					"$(inherited)",
					"@executable_path/Frameworks",
					"@loader_path/Frameworks",
				);
				PRODUCT_BUNDLE_IDENTIFIER = com.rpurp.TimeTractorTests;
				PRODUCT_NAME = "$(TARGET_NAME)";
				SWIFT_VERSION = 5.0;
				TARGETED_DEVICE_FAMILY = "1,2";
				TEST_HOST = "$(BUILT_PRODUCTS_DIR)/TimeTractor.app/TimeTractor";
			};
			name = Debug;
		};
		D886E9ED2458D4E0005F2571 /* Release */ = {
			isa = XCBuildConfiguration;
			buildSettings = {
				ALWAYS_EMBED_SWIFT_STANDARD_LIBRARIES = YES;
				BUNDLE_LOADER = "$(TEST_HOST)";
				CODE_SIGN_STYLE = Automatic;
				DEVELOPMENT_TEAM = 2A3N3385D2;
				INFOPLIST_FILE = TimeTractorTests/Info.plist;
				IPHONEOS_DEPLOYMENT_TARGET = 13.4;
				LD_RUNPATH_SEARCH_PATHS = (
					"$(inherited)",
					"@executable_path/Frameworks",
					"@loader_path/Frameworks",
				);
				PRODUCT_BUNDLE_IDENTIFIER = com.rpurp.TimeTractorTests;
				PRODUCT_NAME = "$(TARGET_NAME)";
				SWIFT_VERSION = 5.0;
				TARGETED_DEVICE_FAMILY = "1,2";
				TEST_HOST = "$(BUILT_PRODUCTS_DIR)/TimeTractor.app/TimeTractor";
			};
			name = Release;
		};
		D886E9EF2458D4E0005F2571 /* Debug */ = {
			isa = XCBuildConfiguration;
			buildSettings = {
				ALWAYS_EMBED_SWIFT_STANDARD_LIBRARIES = YES;
				CODE_SIGN_STYLE = Automatic;
				DEVELOPMENT_TEAM = 2A3N3385D2;
				INFOPLIST_FILE = TimeTractorUITests/Info.plist;
				LD_RUNPATH_SEARCH_PATHS = (
					"$(inherited)",
					"@executable_path/Frameworks",
					"@loader_path/Frameworks",
				);
				PRODUCT_BUNDLE_IDENTIFIER = com.rpurp.TimeTractorUITests;
				PRODUCT_NAME = "$(TARGET_NAME)";
				SWIFT_VERSION = 5.0;
				TARGETED_DEVICE_FAMILY = "1,2";
				TEST_TARGET_NAME = TimeTractor;
			};
			name = Debug;
		};
		D886E9F02458D4E0005F2571 /* Release */ = {
			isa = XCBuildConfiguration;
			buildSettings = {
				ALWAYS_EMBED_SWIFT_STANDARD_LIBRARIES = YES;
				CODE_SIGN_STYLE = Automatic;
				DEVELOPMENT_TEAM = 2A3N3385D2;
				INFOPLIST_FILE = TimeTractorUITests/Info.plist;
				LD_RUNPATH_SEARCH_PATHS = (
					"$(inherited)",
					"@executable_path/Frameworks",
					"@loader_path/Frameworks",
				);
				PRODUCT_BUNDLE_IDENTIFIER = com.rpurp.TimeTractorUITests;
				PRODUCT_NAME = "$(TARGET_NAME)";
				SWIFT_VERSION = 5.0;
				TARGETED_DEVICE_FAMILY = "1,2";
				TEST_TARGET_NAME = TimeTractor;
			};
			name = Release;
		};
/* End XCBuildConfiguration section */

/* Begin XCConfigurationList section */
		D886E9B92458D4DB005F2571 /* Build configuration list for PBXProject "TimeTractor" */ = {
			isa = XCConfigurationList;
			buildConfigurations = (
				D886E9E62458D4E0005F2571 /* Debug */,
				D886E9E72458D4E0005F2571 /* Release */,
			);
			defaultConfigurationIsVisible = 0;
			defaultConfigurationName = Release;
		};
		D886E9E82458D4E0005F2571 /* Build configuration list for PBXNativeTarget "TimeTractor" */ = {
			isa = XCConfigurationList;
			buildConfigurations = (
				D886E9E92458D4E0005F2571 /* Debug */,
				D886E9EA2458D4E0005F2571 /* Release */,
			);
			defaultConfigurationIsVisible = 0;
			defaultConfigurationName = Release;
		};
		D886E9EB2458D4E0005F2571 /* Build configuration list for PBXNativeTarget "TimeTractorTests" */ = {
			isa = XCConfigurationList;
			buildConfigurations = (
				D886E9EC2458D4E0005F2571 /* Debug */,
				D886E9ED2458D4E0005F2571 /* Release */,
			);
			defaultConfigurationIsVisible = 0;
			defaultConfigurationName = Release;
		};
		D886E9EE2458D4E0005F2571 /* Build configuration list for PBXNativeTarget "TimeTractorUITests" */ = {
			isa = XCConfigurationList;
			buildConfigurations = (
				D886E9EF2458D4E0005F2571 /* Debug */,
				D886E9F02458D4E0005F2571 /* Release */,
			);
			defaultConfigurationIsVisible = 0;
			defaultConfigurationName = Release;
		};
/* End XCConfigurationList section */

/* Begin XCRemoteSwiftPackageReference section */
		D8515E7B246523CB007ACD50 /* XCRemoteSwiftPackageReference "GRDBCombine" */ = {
			isa = XCRemoteSwiftPackageReference;
			repositoryURL = "https://github.com/groue/GRDBCombine";
			requirement = {
				kind = upToNextMajorVersion;
				minimumVersion = 0.8.1;
			};
		};
		D862D90F2463AE050031E3AB /* XCRemoteSwiftPackageReference "GRDB" */ = {
			isa = XCRemoteSwiftPackageReference;
			repositoryURL = "https://github.com/groue/GRDB.swift";
			requirement = {
				kind = upToNextMajorVersion;
				minimumVersion = 4.14.0;
			};
		};
/* End XCRemoteSwiftPackageReference section */

/* Begin XCSwiftPackageProductDependency section */
		D8515E7C246523CB007ACD50 /* GRDBCombine */ = {
			isa = XCSwiftPackageProductDependency;
			package = D8515E7B246523CB007ACD50 /* XCRemoteSwiftPackageReference "GRDBCombine" */;
			productName = GRDBCombine;
		};
		D862D9102463AE050031E3AB /* GRDB */ = {
			isa = XCSwiftPackageProductDependency;
			package = D862D90F2463AE050031E3AB /* XCRemoteSwiftPackageReference "GRDB" */;
			productName = GRDB;
		};
/* End XCSwiftPackageProductDependency section */
	};
	rootObject = D886E9B62458D4DB005F2571 /* Project object */;
}
