{
  "object": {
    "pins": [
      {
        "package": "CombineExpectations",
        "repositoryURL": "https://github.com/groue/CombineExpectations.git",
        "state": {
          "branch": null,
          "revision": "3250715d3f1b12754c84e7952c7bbb716f4a4dc4",
          "version": "0.4.0"
        }
      },
      {
        "package": "GRDB",
        "repositoryURL": "https://github.com/groue/GRDB.swift",
        "state": {
          "branch": null,
          "revision": "5ee47c3c2765bdfde0f44c2ea9a263f6aa252d63",
          "version": "4.14.0"
        }
      },
      {
        "package": "GRDBCombine",
        "repositoryURL": "https://github.com/groue/GRDBCombine",
        "state": {
          "branch": null,
          "revision": "cbae47a79921fb8df318f31b9c51f9a1245373e6",
          "version": "0.8.1"
        }
      }
    ]
  },
  "version": 1
}
